// !$*UTF8*$!
{
	archiveVersion = 1;
	classes = {
	};
	objectVersion = 50;
	objects = {

/* Begin PBXBuildFile section */
		3625A731224223D700DFB34E /* AppDelegate.swift in Sources */ = {isa = PBXBuildFile; fileRef = 3625A730224223D700DFB34E /* AppDelegate.swift */; };
		3625A736224223D700DFB34E /* Main.storyboard in Resources */ = {isa = PBXBuildFile; fileRef = 3625A734224223D700DFB34E /* Main.storyboard */; };
		3625A73B224223D800DFB34E /* LaunchScreen.storyboard in Resources */ = {isa = PBXBuildFile; fileRef = 3625A739224223D800DFB34E /* LaunchScreen.storyboard */; };
		3625A743224223E800DFB34E /* Events.plist in Resources */ = {isa = PBXBuildFile; fileRef = 3625A742224223E800DFB34E /* Events.plist */; };
		364456DB225880160021C19C /* Assets.xcassets in Resources */ = {isa = PBXBuildFile; fileRef = 364456DA225880160021C19C /* Assets.xcassets */; };
		36683F3B2259D495003CBC59 /* WebKit.framework in Frameworks */ = {isa = PBXBuildFile; fileRef = 36683F3A2259D495003CBC59 /* WebKit.framework */; };
		36683F44225BC5AB003CBC59 /* IncorrectBuzz.wav in Resources */ = {isa = PBXBuildFile; fileRef = 36683F42225BC5AB003CBC59 /* IncorrectBuzz.wav */; };
		36683F45225BC5AB003CBC59 /* CorrectDing.wav in Resources */ = {isa = PBXBuildFile; fileRef = 36683F43225BC5AB003CBC59 /* CorrectDing.wav */; };
		36683F47225BDDFE003CBC59 /* GameSound.swift in Sources */ = {isa = PBXBuildFile; fileRef = 36683F46225BDDFE003CBC59 /* GameSound.swift */; };
		36844C8C22494BB1003E6BA9 /* ScoreVC.swift in Sources */ = {isa = PBXBuildFile; fileRef = 36844C8B22494BB1003E6BA9 /* ScoreVC.swift */; };
		36844C8E22494BC7003E6BA9 /* WebVC.swift in Sources */ = {isa = PBXBuildFile; fileRef = 36844C8D22494BC7003E6BA9 /* WebVC.swift */; };
		36844C902249F510003E6BA9 /* GameConstants.swift in Sources */ = {isa = PBXBuildFile; fileRef = 36844C8F2249F510003E6BA9 /* GameConstants.swift */; };
		36C9FB77224355C500D8529D /* EventDataLoader.swift in Sources */ = {isa = PBXBuildFile; fileRef = 36C9FB76224355C500D8529D /* EventDataLoader.swift */; };
		36C9FB792243582400D8529D /* Event.swift in Sources */ = {isa = PBXBuildFile; fileRef = 36C9FB782243582400D8529D /* Event.swift */; };
		36C9FB7B22435DC000D8529D /* PListConverter.swift in Sources */ = {isa = PBXBuildFile; fileRef = 36C9FB7A22435DC000D8529D /* PListConverter.swift */; };
		36C9FB7D22435E6D00D8529D /* Game.swift in Sources */ = {isa = PBXBuildFile; fileRef = 36C9FB7C22435E6D00D8529D /* Game.swift */; };
		36C9FB802247418300D8529D /* SplashVC.swift in Sources */ = {isa = PBXBuildFile; fileRef = 36C9FB7F2247418300D8529D /* SplashVC.swift */; };
		36C9FB8A22488F0600D8529D /* GameVC.swift in Sources */ = {isa = PBXBuildFile; fileRef = 36C9FB8922488F0600D8529D /* GameVC.swift */; };
		36C9FB8C22488F9A00D8529D /* GameCVCell.swift in Sources */ = {isa = PBXBuildFile; fileRef = 36C9FB8B22488F9A00D8529D /* GameCVCell.swift */; };
		36F46538225C9341003B1930 /* FatalAlertVC.swift in Sources */ = {isa = PBXBuildFile; fileRef = 36F46537225C9341003B1930 /* FatalAlertVC.swift */; };
/* End PBXBuildFile section */

/* Begin PBXFileReference section */
		3625A72D224223D700DFB34E /* BoutTime.app */ = {isa = PBXFileReference; explicitFileType = wrapper.application; includeInIndex = 0; path = BoutTime.app; sourceTree = BUILT_PRODUCTS_DIR; };
		3625A730224223D700DFB34E /* AppDelegate.swift */ = {isa = PBXFileReference; lastKnownFileType = sourcecode.swift; path = AppDelegate.swift; sourceTree = "<group>"; };
		3625A735224223D700DFB34E /* Base */ = {isa = PBXFileReference; lastKnownFileType = file.storyboard; name = Base; path = Base.lproj/Main.storyboard; sourceTree = "<group>"; };
		3625A73A224223D800DFB34E /* Base */ = {isa = PBXFileReference; lastKnownFileType = file.storyboard; name = Base; path = Base.lproj/LaunchScreen.storyboard; sourceTree = "<group>"; };
		3625A73C224223D800DFB34E /* Info.plist */ = {isa = PBXFileReference; lastKnownFileType = text.plist.xml; path = Info.plist; sourceTree = "<group>"; };
		3625A742224223E800DFB34E /* Events.plist */ = {isa = PBXFileReference; fileEncoding = 4; lastKnownFileType = text.plist.xml; path = Events.plist; sourceTree = "<group>"; };
		364456DA225880160021C19C /* Assets.xcassets */ = {isa = PBXFileReference; lastKnownFileType = folder.assetcatalog; path = Assets.xcassets; sourceTree = "<group>"; };
		36683F3A2259D495003CBC59 /* WebKit.framework */ = {isa = PBXFileReference; lastKnownFileType = wrapper.framework; name = WebKit.framework; path = System/Library/Frameworks/WebKit.framework; sourceTree = SDKROOT; };
		36683F40225BC592003CBC59 /* IncorrectBuzz.wav */ = {isa = PBXFileReference; lastKnownFileType = audio.wav; name = IncorrectBuzz.wav; path = BoutTime/IncorrectBuzz.wav; sourceTree = "<group>"; };
		36683F42225BC5AB003CBC59 /* IncorrectBuzz.wav */ = {isa = PBXFileReference; lastKnownFileType = audio.wav; path = IncorrectBuzz.wav; sourceTree = "<group>"; };
		36683F43225BC5AB003CBC59 /* CorrectDing.wav */ = {isa = PBXFileReference; lastKnownFileType = audio.wav; path = CorrectDing.wav; sourceTree = "<group>"; };
		36683F46225BDDFE003CBC59 /* GameSound.swift */ = {isa = PBXFileReference; lastKnownFileType = sourcecode.swift; path = GameSound.swift; sourceTree = "<group>"; };
		36844C8B22494BB1003E6BA9 /* ScoreVC.swift */ = {isa = PBXFileReference; lastKnownFileType = sourcecode.swift; path = ScoreVC.swift; sourceTree = "<group>"; };
		36844C8D22494BC7003E6BA9 /* WebVC.swift */ = {isa = PBXFileReference; lastKnownFileType = sourcecode.swift; path = WebVC.swift; sourceTree = "<group>"; };
		36844C8F2249F510003E6BA9 /* GameConstants.swift */ = {isa = PBXFileReference; lastKnownFileType = sourcecode.swift; path = GameConstants.swift; sourceTree = "<group>"; };
		36C9FB76224355C500D8529D /* EventDataLoader.swift */ = {isa = PBXFileReference; lastKnownFileType = sourcecode.swift; path = EventDataLoader.swift; sourceTree = "<group>"; };
		36C9FB782243582400D8529D /* Event.swift */ = {isa = PBXFileReference; lastKnownFileType = sourcecode.swift; path = Event.swift; sourceTree = "<group>"; };
		36C9FB7A22435DC000D8529D /* PListConverter.swift */ = {isa = PBXFileReference; lastKnownFileType = sourcecode.swift; path = PListConverter.swift; sourceTree = "<group>"; };
		36C9FB7C22435E6D00D8529D /* Game.swift */ = {isa = PBXFileReference; lastKnownFileType = sourcecode.swift; path = Game.swift; sourceTree = "<group>"; };
		36C9FB7F2247418300D8529D /* SplashVC.swift */ = {isa = PBXFileReference; lastKnownFileType = sourcecode.swift; path = SplashVC.swift; sourceTree = "<group>"; };
		36C9FB8922488F0600D8529D /* GameVC.swift */ = {isa = PBXFileReference; lastKnownFileType = sourcecode.swift; path = GameVC.swift; sourceTree = "<group>"; };
		36C9FB8B22488F9A00D8529D /* GameCVCell.swift */ = {isa = PBXFileReference; lastKnownFileType = sourcecode.swift; path = GameCVCell.swift; sourceTree = "<group>"; };
		36F46537225C9341003B1930 /* FatalAlertVC.swift */ = {isa = PBXFileReference; lastKnownFileType = sourcecode.swift; path = FatalAlertVC.swift; sourceTree = "<group>"; };
/* End PBXFileReference section */

/* Begin PBXFrameworksBuildPhase section */
		3625A72A224223D700DFB34E /* Frameworks */ = {
			isa = PBXFrameworksBuildPhase;
			buildActionMask = 2147483647;
			files = (
				36683F3B2259D495003CBC59 /* WebKit.framework in Frameworks */,
			);
			runOnlyForDeploymentPostprocessing = 0;
		};
/* End PBXFrameworksBuildPhase section */

/* Begin PBXGroup section */
		3625A724224223D700DFB34E = {
			isa = PBXGroup;
			children = (
				3625A72F224223D700DFB34E /* BoutTime */,
				3625A72E224223D700DFB34E /* Products */,
				36683F392259D495003CBC59 /* Frameworks */,
			);
			sourceTree = "<group>";
		};
		3625A72E224223D700DFB34E /* Products */ = {
			isa = PBXGroup;
			children = (
				3625A72D224223D700DFB34E /* BoutTime.app */,
			);
			name = Products;
			sourceTree = "<group>";
		};
		3625A72F224223D700DFB34E /* BoutTime */ = {
			isa = PBXGroup;
			children = (
				3625A730224223D700DFB34E /* AppDelegate.swift */,
				36683F4A225BE655003CBC59 /* Storyboards */,
				36683F49225BDF38003CBC59 /* ViewControllers */,
				36683F48225BDF2D003CBC59 /* Audio */,
				36C9FB7E22435E8000D8529D /* Model */,
				364456DA225880160021C19C /* Assets.xcassets */,
				3625A73C224223D800DFB34E /* Info.plist */,
				3625A742224223E800DFB34E /* Events.plist */,
			);
			path = BoutTime;
			sourceTree = "<group>";
		};
		36683F392259D495003CBC59 /* Frameworks */ = {
			isa = PBXGroup;
			children = (
				36683F40225BC592003CBC59 /* IncorrectBuzz.wav */,
				36683F3A2259D495003CBC59 /* WebKit.framework */,
			);
			name = Frameworks;
			sourceTree = "<group>";
		};
		36683F48225BDF2D003CBC59 /* Audio */ = {
			isa = PBXGroup;
			children = (
				36683F46225BDDFE003CBC59 /* GameSound.swift */,
				36683F43225BC5AB003CBC59 /* CorrectDing.wav */,
				36683F42225BC5AB003CBC59 /* IncorrectBuzz.wav */,
			);
			path = Audio;
			sourceTree = "<group>";
		};
		36683F49225BDF38003CBC59 /* ViewControllers */ = {
			isa = PBXGroup;
			children = (
				36C9FB7F2247418300D8529D /* SplashVC.swift */,
				36C9FB8922488F0600D8529D /* GameVC.swift */,
				36C9FB8B22488F9A00D8529D /* GameCVCell.swift */,
				36844C8B22494BB1003E6BA9 /* ScoreVC.swift */,
				36844C8D22494BC7003E6BA9 /* WebVC.swift */,
				36F46537225C9341003B1930 /* FatalAlertVC.swift */,
			);
			path = ViewControllers;
			sourceTree = "<group>";
		};
		36683F4A225BE655003CBC59 /* Storyboards */ = {
			isa = PBXGroup;
			children = (
				3625A734224223D700DFB34E /* Main.storyboard */,
				3625A739224223D800DFB34E /* LaunchScreen.storyboard */,
			);
			path = Storyboards;
			sourceTree = "<group>";
		};
		36C9FB7E22435E8000D8529D /* Model */ = {
			isa = PBXGroup;
			children = (
				36C9FB7C22435E6D00D8529D /* Game.swift */,
				36C9FB782243582400D8529D /* Event.swift */,
				36C9FB76224355C500D8529D /* EventDataLoader.swift */,
				36C9FB7A22435DC000D8529D /* PListConverter.swift */,
				36844C8F2249F510003E6BA9 /* GameConstants.swift */,
			);
			path = Model;
			sourceTree = "<group>";
		};
/* End PBXGroup section */

/* Begin PBXNativeTarget section */
		3625A72C224223D700DFB34E /* BoutTime */ = {
			isa = PBXNativeTarget;
			buildConfigurationList = 3625A73F224223D800DFB34E /* Build configuration list for PBXNativeTarget "BoutTime" */;
			buildPhases = (
				3625A729224223D700DFB34E /* Sources */,
				3625A72A224223D700DFB34E /* Frameworks */,
				3625A72B224223D700DFB34E /* Resources */,
			);
			buildRules = (
			);
			dependencies = (
			);
			name = BoutTime;
			productName = BoutTime;
			productReference = 3625A72D224223D700DFB34E /* BoutTime.app */;
			productType = "com.apple.product-type.application";
		};
/* End PBXNativeTarget section */

/* Begin PBXProject section */
		3625A725224223D700DFB34E /* Project object */ = {
			isa = PBXProject;
			attributes = {
				LastSwiftUpdateCheck = 1010;
				LastUpgradeCheck = 1010;
				ORGANIZATIONNAME = "Forty Something Nerd";
				TargetAttributes = {
					3625A72C224223D700DFB34E = {
						CreatedOnToolsVersion = 10.1;
						LastSwiftMigration = 1020;
					};
				};
			};
			buildConfigurationList = 3625A728224223D700DFB34E /* Build configuration list for PBXProject "BoutTime" */;
			compatibilityVersion = "Xcode 9.3";
			developmentRegion = en;
			hasScannedForEncodings = 0;
			knownRegions = (
				en,
				Base,
			);
			mainGroup = 3625A724224223D700DFB34E;
			productRefGroup = 3625A72E224223D700DFB34E /* Products */;
			projectDirPath = "";
			projectRoot = "";
			targets = (
				3625A72C224223D700DFB34E /* BoutTime */,
			);
		};
/* End PBXProject section */

/* Begin PBXResourcesBuildPhase section */
		3625A72B224223D700DFB34E /* Resources */ = {
			isa = PBXResourcesBuildPhase;
			buildActionMask = 2147483647;
			files = (
				3625A73B224223D800DFB34E /* LaunchScreen.storyboard in Resources */,
				3625A736224223D700DFB34E /* Main.storyboard in Resources */,
				36683F44225BC5AB003CBC59 /* IncorrectBuzz.wav in Resources */,
				364456DB225880160021C19C /* Assets.xcassets in Resources */,
				36683F45225BC5AB003CBC59 /* CorrectDing.wav in Resources */,
				3625A743224223E800DFB34E /* Events.plist in Resources */,
			);
			runOnlyForDeploymentPostprocessing = 0;
		};
/* End PBXResourcesBuildPhase section */

/* Begin PBXSourcesBuildPhase section */
		3625A729224223D700DFB34E /* Sources */ = {
			isa = PBXSourcesBuildPhase;
			buildActionMask = 2147483647;
			files = (
				36C9FB792243582400D8529D /* Event.swift in Sources */,
				36C9FB7B22435DC000D8529D /* PListConverter.swift in Sources */,
				36C9FB7D22435E6D00D8529D /* Game.swift in Sources */,
				3625A731224223D700DFB34E /* AppDelegate.swift in Sources */,
				36844C8C22494BB1003E6BA9 /* ScoreVC.swift in Sources */,
				36C9FB8A22488F0600D8529D /* GameVC.swift in Sources */,
				36C9FB77224355C500D8529D /* EventDataLoader.swift in Sources */,
				36844C902249F510003E6BA9 /* GameConstants.swift in Sources */,
				36844C8E22494BC7003E6BA9 /* WebVC.swift in Sources */,
				36683F47225BDDFE003CBC59 /* GameSound.swift in Sources */,
				36C9FB8C22488F9A00D8529D /* GameCVCell.swift in Sources */,
				36C9FB802247418300D8529D /* SplashVC.swift in Sources */,
				36F46538225C9341003B1930 /* FatalAlertVC.swift in Sources */,
			);
			runOnlyForDeploymentPostprocessing = 0;
		};
/* End PBXSourcesBuildPhase section */

/* Begin PBXVariantGroup section */
		3625A734224223D700DFB34E /* Main.storyboard */ = {
			isa = PBXVariantGroup;
			children = (
				3625A735224223D700DFB34E /* Base */,
			);
			name = Main.storyboard;
			sourceTree = "<group>";
		};
		3625A739224223D800DFB34E /* LaunchScreen.storyboard */ = {
			isa = PBXVariantGroup;
			children = (
				3625A73A224223D800DFB34E /* Base */,
			);
			name = LaunchScreen.storyboard;
			sourceTree = "<group>";
		};
/* End PBXVariantGroup section */

/* Begin XCBuildConfiguration section */
		3625A73D224223D800DFB34E /* Debug */ = {
			isa = XCBuildConfiguration;
			buildSettings = {
				ALWAYS_SEARCH_USER_PATHS = NO;
				CLANG_ANALYZER_NONNULL = YES;
				CLANG_ANALYZER_NUMBER_OBJECT_CONVERSION = YES_AGGRESSIVE;
				CLANG_CXX_LANGUAGE_STANDARD = "gnu++14";
				CLANG_CXX_LIBRARY = "libc++";
				CLANG_ENABLE_MODULES = YES;
				CLANG_ENABLE_OBJC_ARC = YES;
				CLANG_ENABLE_OBJC_WEAK = YES;
				CLANG_WARN_BLOCK_CAPTURE_AUTORELEASING = YES;
				CLANG_WARN_BOOL_CONVERSION = YES;
				CLANG_WARN_COMMA = YES;
				CLANG_WARN_CONSTANT_CONVERSION = YES;
				CLANG_WARN_DEPRECATED_OBJC_IMPLEMENTATIONS = YES;
				CLANG_WARN_DIRECT_OBJC_ISA_USAGE = YES_ERROR;
				CLANG_WARN_DOCUMENTATION_COMMENTS = YES;
				CLANG_WARN_EMPTY_BODY = YES;
				CLANG_WARN_ENUM_CONVERSION = YES;
				CLANG_WARN_INFINITE_RECURSION = YES;
				CLANG_WARN_INT_CONVERSION = YES;
				CLANG_WARN_NON_LITERAL_NULL_CONVERSION = YES;
				CLANG_WARN_OBJC_IMPLICIT_RETAIN_SELF = YES;
				CLANG_WARN_OBJC_LITERAL_CONVERSION = YES;
				CLANG_WARN_OBJC_ROOT_CLASS = YES_ERROR;
				CLANG_WARN_RANGE_LOOP_ANALYSIS = YES;
				CLANG_WARN_STRICT_PROTOTYPES = YES;
				CLANG_WARN_SUSPICIOUS_MOVE = YES;
				CLANG_WARN_UNGUARDED_AVAILABILITY = YES_AGGRESSIVE;
				CLANG_WARN_UNREACHABLE_CODE = YES;
				CLANG_WARN__DUPLICATE_METHOD_MATCH = YES;
				CODE_SIGN_IDENTITY = "iPhone Developer";
				COPY_PHASE_STRIP = NO;
				DEBUG_INFORMATION_FORMAT = dwarf;
				ENABLE_STRICT_OBJC_MSGSEND = YES;
				ENABLE_TESTABILITY = YES;
				GCC_C_LANGUAGE_STANDARD = gnu11;
				GCC_DYNAMIC_NO_PIC = NO;
				GCC_NO_COMMON_BLOCKS = YES;
				GCC_OPTIMIZATION_LEVEL = 0;
				GCC_PREPROCESSOR_DEFINITIONS = (
					"DEBUG=1",
					"$(inherited)",
				);
				GCC_WARN_64_TO_32_BIT_CONVERSION = YES;
				GCC_WARN_ABOUT_RETURN_TYPE = YES_ERROR;
				GCC_WARN_UNDECLARED_SELECTOR = YES;
				GCC_WARN_UNINITIALIZED_AUTOS = YES_AGGRESSIVE;
				GCC_WARN_UNUSED_FUNCTION = YES;
				GCC_WARN_UNUSED_VARIABLE = YES;
				IPHONEOS_DEPLOYMENT_TARGET = 12.2;
				MTL_ENABLE_DEBUG_INFO = INCLUDE_SOURCE;
				MTL_FAST_MATH = YES;
				ONLY_ACTIVE_ARCH = YES;
				SDKROOT = iphoneos;
				SWIFT_ACTIVE_COMPILATION_CONDITIONS = DEBUG;
				SWIFT_OPTIMIZATION_LEVEL = "-Onone";
			};
			name = Debug;
		};
		3625A73E224223D800DFB34E /* Release */ = {
			isa = XCBuildConfiguration;
			buildSettings = {
				ALWAYS_SEARCH_USER_PATHS = NO;
				CLANG_ANALYZER_NONNULL = YES;
				CLANG_ANALYZER_NUMBER_OBJECT_CONVERSION = YES_AGGRESSIVE;
				CLANG_CXX_LANGUAGE_STANDARD = "gnu++14";
				CLANG_CXX_LIBRARY = "libc++";
				CLANG_ENABLE_MODULES = YES;
				CLANG_ENABLE_OBJC_ARC = YES;
				CLANG_ENABLE_OBJC_WEAK = YES;
				CLANG_WARN_BLOCK_CAPTURE_AUTORELEASING = YES;
				CLANG_WARN_BOOL_CONVERSION = YES;
				CLANG_WARN_COMMA = YES;
				CLANG_WARN_CONSTANT_CONVERSION = YES;
				CLANG_WARN_DEPRECATED_OBJC_IMPLEMENTATIONS = YES;
				CLANG_WARN_DIRECT_OBJC_ISA_USAGE = YES_ERROR;
				CLANG_WARN_DOCUMENTATION_COMMENTS = YES;
				CLANG_WARN_EMPTY_BODY = YES;
				CLANG_WARN_ENUM_CONVERSION = YES;
				CLANG_WARN_INFINITE_RECURSION = YES;
				CLANG_WARN_INT_CONVERSION = YES;
				CLANG_WARN_NON_LITERAL_NULL_CONVERSION = YES;
				CLANG_WARN_OBJC_IMPLICIT_RETAIN_SELF = YES;
				CLANG_WARN_OBJC_LITERAL_CONVERSION = YES;
				CLANG_WARN_OBJC_ROOT_CLASS = YES_ERROR;
				CLANG_WARN_RANGE_LOOP_ANALYSIS = YES;
				CLANG_WARN_STRICT_PROTOTYPES = YES;
				CLANG_WARN_SUSPICIOUS_MOVE = YES;
				CLANG_WARN_UNGUARDED_AVAILABILITY = YES_AGGRESSIVE;
				CLANG_WARN_UNREACHABLE_CODE = YES;
				CLANG_WARN__DUPLICATE_METHOD_MATCH = YES;
				CODE_SIGN_IDENTITY = "iPhone Developer";
				COPY_PHASE_STRIP = NO;
				DEBUG_INFORMATION_FORMAT = "dwarf-with-dsym";
				ENABLE_NS_ASSERTIONS = NO;
				ENABLE_STRICT_OBJC_MSGSEND = YES;
				GCC_C_LANGUAGE_STANDARD = gnu11;
				GCC_NO_COMMON_BLOCKS = YES;
				GCC_WARN_64_TO_32_BIT_CONVERSION = YES;
				GCC_WARN_ABOUT_RETURN_TYPE = YES_ERROR;
				GCC_WARN_UNDECLARED_SELECTOR = YES;
				GCC_WARN_UNINITIALIZED_AUTOS = YES_AGGRESSIVE;
				GCC_WARN_UNUSED_FUNCTION = YES;
				GCC_WARN_UNUSED_VARIABLE = YES;
				IPHONEOS_DEPLOYMENT_TARGET = 12.2;
				MTL_ENABLE_DEBUG_INFO = NO;
				MTL_FAST_MATH = YES;
				SDKROOT = iphoneos;
				SWIFT_COMPILATION_MODE = wholemodule;
				SWIFT_OPTIMIZATION_LEVEL = "-O";
				VALIDATE_PRODUCT = YES;
			};
			name = Release;
		};
		3625A740224223D800DFB34E /* Debug */ = {
			isa = XCBuildConfiguration;
			buildSettings = {
				ASSETCATALOG_COMPILER_APPICON_NAME = AppIcon;
				CODE_SIGN_IDENTITY = "iPhone Developer";
				CODE_SIGN_STYLE = Automatic;
				DEVELOPMENT_TEAM = MV7733G8N3;
				INFOPLIST_FILE = BoutTime/Info.plist;
				LD_RUNPATH_SEARCH_PATHS = (
					"$(inherited)",
					"@executable_path/Frameworks",
				);
				PRODUCT_BUNDLE_IDENTIFIER = com.FortySomethingNerd.BoutTime;
				PRODUCT_NAME = "$(TARGET_NAME)";
				PROVISIONING_PROFILE_SPECIFIER = "";
				SWIFT_VERSION = 5.0;
				TARGETED_DEVICE_FAMILY = 1;
			};
			name = Debug;
		};
		3625A741224223D800DFB34E /* Release */ = {
			isa = XCBuildConfiguration;
			buildSettings = {
				ASSETCATALOG_COMPILER_APPICON_NAME = AppIcon;
				CODE_SIGN_IDENTITY = "iPhone Developer";
				CODE_SIGN_STYLE = Automatic;
				DEVELOPMENT_TEAM = MV7733G8N3;
				INFOPLIST_FILE = BoutTime/Info.plist;
				LD_RUNPATH_SEARCH_PATHS = (
					"$(inherited)",
					"@executable_path/Frameworks",
				);
				PRODUCT_BUNDLE_IDENTIFIER = com.FortySomethingNerd.BoutTime;
				PRODUCT_NAME = "$(TARGET_NAME)";
				PROVISIONING_PROFILE_SPECIFIER = "";
				SWIFT_VERSION = 5.0;
				TARGETED_DEVICE_FAMILY = 1;
			};
			name = Release;
		};
/* End XCBuildConfiguration section */

/* Begin XCConfigurationList section */
		3625A728224223D700DFB34E /* Build configuration list for PBXProject "BoutTime" */ = {
			isa = XCConfigurationList;
			buildConfigurations = (
				3625A73D224223D800DFB34E /* Debug */,
				3625A73E224223D800DFB34E /* Release */,
			);
			defaultConfigurationIsVisible = 0;
			defaultConfigurationName = Release;
		};
		3625A73F224223D800DFB34E /* Build configuration list for PBXNativeTarget "BoutTime" */ = {
			isa = XCConfigurationList;
			buildConfigurations = (
				3625A740224223D800DFB34E /* Debug */,
				3625A741224223D800DFB34E /* Release */,
			);
			defaultConfigurationIsVisible = 0;
			defaultConfigurationName = Release;
		};
/* End XCConfigurationList section */
	};
	rootObject = 3625A725224223D700DFB34E /* Project object */;
}
